
Microsoft Visual Studio Solution File, Format Version 12.00
# Visual Studio 15
VisualStudioVersion = 15.0.27703.2018
MinimumVisualStudioVersion = 10.0.40219.1
Project("{FAE04EC0-301F-11D3-BF4B-00C04F79EFBC}") = "KnockoutMVVM", "KnockoutMVVM\KnockoutMVVM.csproj", "{DFFE5DF2-8311-4CC0-B8FA-51EA3C60A47A}"
EndProject
Global
	GlobalSection(SolutionConfigurationPlatforms) = preSolution
		Debug|Any CPU = Debug|Any CPU
		Release|Any CPU = Release|Any CPU
	EndGlobalSection
	GlobalSection(ProjectConfigurationPlatforms) = postSolution
		{DFFE5DF2-8311-4CC0-B8FA-51EA3C60A47A}.Debug|Any CPU.ActiveCfg = Debug|Any CPU
		{DFFE5DF2-8311-4CC0-B8FA-51EA3C60A47A}.Debug|Any CPU.Build.0 = Debug|Any CPU
		{DFFE5DF2-8311-4CC0-B8FA-51EA3C60A47A}.Release|Any CPU.ActiveCfg = Release|Any CPU
		{DFFE5DF2-8311-4CC0-B8FA-51EA3C60A47A}.Release|Any CPU.Build.0 = Release|Any CPU
	EndGlobalSection
	GlobalSection(SolutionProperties) = preSolution
		HideSolutionNode = FALSE
	EndGlobalSection
	GlobalSection(ExtensibilityGlobals) = postSolution
		SolutionGuid = {D33C755C-90F0-4867-939F-E8366A68BC8F}
	EndGlobalSection
EndGlobal
